
Microsoft Visual Studio Solution File, Format Version 12.00
# Visual Studio Version 16
VisualStudioVersion = 16.0.29613.14
MinimumVisualStudioVersion = 10.0.40219.1
Project("{FAE04EC0-301F-11D3-BF4B-00C04F79EFBC}") = "BoydMIS4200", "BoydMIS4200.csproj", "{FA837914-8059-4BD6-8C31-54A59997EC76}"
EndProject
Global
	GlobalSection(SolutionConfigurationPlatforms) = preSolution
		Debug|Any CPU = Debug|Any CPU
		Release|Any CPU = Release|Any CPU
	EndGlobalSection
	GlobalSection(ProjectConfigurationPlatforms) = postSolution
		{FA837914-8059-4BD6-8C31-54A59997EC76}.Debug|Any CPU.ActiveCfg = Debug|Any CPU
		{FA837914-8059-4BD6-8C31-54A59997EC76}.Debug|Any CPU.Build.0 = Debug|Any CPU
		{FA837914-8059-4BD6-8C31-54A59997EC76}.Release|Any CPU.ActiveCfg = Release|Any CPU
		{FA837914-8059-4BD6-8C31-54A59997EC76}.Release|Any CPU.Build.0 = Release|Any CPU
	EndGlobalSection
	GlobalSection(SolutionProperties) = preSolution
		HideSolutionNode = FALSE
	EndGlobalSection
	GlobalSection(ExtensibilityGlobals) = postSolution
		SolutionGuid = {0D6EDFD8-32DE-4C05-BF12-782BDB1F17DF}
	EndGlobalSection
EndGlobal
